
Microsoft Visual Studio Solution File, Format Version 12.00
# Visual Studio Version 17
VisualStudioVersion = 17.7.34031.279
MinimumVisualStudioVersion = 10.0.40219.1
Project("{9A19103F-16F7-4668-BE54-9A1E7A4F7556}") = "Actividad_semana5_VS", "Actividad_semana5_VS.csproj", "{455A140C-B2BC-4FF3-9044-229E044DAE17}"
EndProject
Global
	GlobalSection(SolutionConfigurationPlatforms) = preSolution
		Debug|Any CPU = Debug|Any CPU
		Release|Any CPU = Release|Any CPU
	EndGlobalSection
	GlobalSection(ProjectConfigurationPlatforms) = postSolution
		{455A140C-B2BC-4FF3-9044-229E044DAE17}.Debug|Any CPU.ActiveCfg = Debug|Any CPU
		{455A140C-B2BC-4FF3-9044-229E044DAE17}.Debug|Any CPU.Build.0 = Debug|Any CPU
		{455A140C-B2BC-4FF3-9044-229E044DAE17}.Release|Any CPU.ActiveCfg = Release|Any CPU
		{455A140C-B2BC-4FF3-9044-229E044DAE17}.Release|Any CPU.Build.0 = Release|Any CPU
	EndGlobalSection
	GlobalSection(SolutionProperties) = preSolution
		HideSolutionNode = FALSE
	EndGlobalSection
	GlobalSection(ExtensibilityGlobals) = postSolution
		SolutionGuid = {43C9CDF2-091B-4E75-AE36-F825C8276E9F}
	EndGlobalSection
EndGlobal
